
Microsoft Visual Studio Solution File, Format Version 12.00
# Visual Studio Version 16
VisualStudioVersion = 16.0.30204.135
MinimumVisualStudioVersion = 10.0.40219.1
Project("{8BC9CEB8-8B4A-11D0-8D11-00A0C91BC942}") = "artigo-2022", "artigo-2022.vcxproj", "{0D1D7EEC-F9EC-4006-9612-42FF955C38B3}"
EndProject
Global
	GlobalSection(SolutionConfigurationPlatforms) = preSolution
		Debug|x64 = Debug|x64
		Release|x64 = Release|x64
	EndGlobalSection
	GlobalSection(ProjectConfigurationPlatforms) = postSolution
		{0D1D7EEC-F9EC-4006-9612-42FF955C38B3}.Debug|x64.ActiveCfg = Debug|x64
		{0D1D7EEC-F9EC-4006-9612-42FF955C38B3}.Debug|x64.Build.0 = Debug|x64
		{0D1D7EEC-F9EC-4006-9612-42FF955C38B3}.Release|x64.ActiveCfg = Release|x64
		{0D1D7EEC-F9EC-4006-9612-42FF955C38B3}.Release|x64.Build.0 = Release|x64
	EndGlobalSection
	GlobalSection(SolutionProperties) = preSolution
		HideSolutionNode = FALSE
	EndGlobalSection
	GlobalSection(ExtensibilityGlobals) = postSolution
		SolutionGuid = {9D631053-4C0C-4A04-B741-5005161CF6A6}
	EndGlobalSection
EndGlobal
